
Microsoft Visual Studio Solution File, Format Version 12.00
# Visual Studio 2015
Project("{FAE04EC0-301F-11D3-BF4B-00C04F79EFBC}") = "Assembly-CSharp", "Assembly-CSharp.csproj", "{D453E476-01AA-62C5-1561-B19B4C9F25BD}"
EndProject
Global
	GlobalSection(SolutionConfigurationPlatforms) = preSolution
		Debug|Any CPU = Debug|Any CPU
		Release|Any CPU = Release|Any CPU
	EndGlobalSection
	GlobalSection(ProjectConfigurationPlatforms) = postSolution
		{D453E476-01AA-62C5-1561-B19B4C9F25BD}.Debug|Any CPU.ActiveCfg = Debug|Any CPU
		{D453E476-01AA-62C5-1561-B19B4C9F25BD}.Debug|Any CPU.Build.0 = Debug|Any CPU
		{D453E476-01AA-62C5-1561-B19B4C9F25BD}.Release|Any CPU.ActiveCfg = Release|Any CPU
		{D453E476-01AA-62C5-1561-B19B4C9F25BD}.Release|Any CPU.Build.0 = Release|Any CPU
	EndGlobalSection
	GlobalSection(SolutionProperties) = preSolution
		HideSolutionNode = FALSE
	EndGlobalSection
EndGlobal
